
Microsoft Visual Studio Solution File, Format Version 12.00
# Visual Studio Version 17
VisualStudioVersion = 17.0.32112.339
MinimumVisualStudioVersion = 10.0.40219.1
Project("{9A19103F-16F7-4668-BE54-9A1E7A4F7556}") = "MyFirst.WebAPI", "WebAPI\MyFirst.WebAPI.csproj", "{20FB31EF-C587-4B31-B0AC-0A77DE70E9F4}"
EndProject
Project("{9A19103F-16F7-4668-BE54-9A1E7A4F7556}") = "MyFirst.Repository", "Repository\MyFirst.Repository.csproj", "{6417B207-29C7-4B69-8CF7-0FE14D1B44E6}"
EndProject
Project("{9A19103F-16F7-4668-BE54-9A1E7A4F7556}") = "MyFirst.Models", "Models\MyFirst.Models.csproj", "{B9423A8E-AF60-4AB2-B8D6-22733F8133DE}"
EndProject
Project("{9A19103F-16F7-4668-BE54-9A1E7A4F7556}") = "MyFirst.Services", "Services\MyFirst.Services.csproj", "{27E0777E-16A5-42E5-AAEA-B35347C51E1A}"
EndProject
Project("{9A19103F-16F7-4668-BE54-9A1E7A4F7556}") = "RequestToAPI", "RequestToAPI\RequestToAPI.csproj", "{8998A7D1-C436-4C48-835F-A399038BD3EF}"
EndProject
Project("{FAE04EC0-301F-11D3-BF4B-00C04F79EFBC}") = "Data", "Data\Data.csproj", "{A74D07D9-4E13-46B2-BB5F-7EC77C715ED1}"
EndProject
Global
	GlobalSection(SolutionConfigurationPlatforms) = preSolution
		Debug|Any CPU = Debug|Any CPU
		Release|Any CPU = Release|Any CPU
	EndGlobalSection
	GlobalSection(ProjectConfigurationPlatforms) = postSolution
		{20FB31EF-C587-4B31-B0AC-0A77DE70E9F4}.Debug|Any CPU.ActiveCfg = Debug|Any CPU
		{20FB31EF-C587-4B31-B0AC-0A77DE70E9F4}.Debug|Any CPU.Build.0 = Debug|Any CPU
		{20FB31EF-C587-4B31-B0AC-0A77DE70E9F4}.Release|Any CPU.ActiveCfg = Release|Any CPU
		{20FB31EF-C587-4B31-B0AC-0A77DE70E9F4}.Release|Any CPU.Build.0 = Release|Any CPU
		{6417B207-29C7-4B69-8CF7-0FE14D1B44E6}.Debug|Any CPU.ActiveCfg = Debug|Any CPU
		{6417B207-29C7-4B69-8CF7-0FE14D1B44E6}.Debug|Any CPU.Build.0 = Debug|Any CPU
		{6417B207-29C7-4B69-8CF7-0FE14D1B44E6}.Release|Any CPU.ActiveCfg = Release|Any CPU
		{6417B207-29C7-4B69-8CF7-0FE14D1B44E6}.Release|Any CPU.Build.0 = Release|Any CPU
		{B9423A8E-AF60-4AB2-B8D6-22733F8133DE}.Debug|Any CPU.ActiveCfg = Debug|Any CPU
		{B9423A8E-AF60-4AB2-B8D6-22733F8133DE}.Debug|Any CPU.Build.0 = Debug|Any CPU
		{B9423A8E-AF60-4AB2-B8D6-22733F8133DE}.Release|Any CPU.ActiveCfg = Release|Any CPU
		{B9423A8E-AF60-4AB2-B8D6-22733F8133DE}.Release|Any CPU.Build.0 = Release|Any CPU
		{27E0777E-16A5-42E5-AAEA-B35347C51E1A}.Debug|Any CPU.ActiveCfg = Debug|Any CPU
		{27E0777E-16A5-42E5-AAEA-B35347C51E1A}.Debug|Any CPU.Build.0 = Debug|Any CPU
		{27E0777E-16A5-42E5-AAEA-B35347C51E1A}.Release|Any CPU.ActiveCfg = Release|Any CPU
		{27E0777E-16A5-42E5-AAEA-B35347C51E1A}.Release|Any CPU.Build.0 = Release|Any CPU
		{8998A7D1-C436-4C48-835F-A399038BD3EF}.Debug|Any CPU.ActiveCfg = Debug|Any CPU
		{8998A7D1-C436-4C48-835F-A399038BD3EF}.Debug|Any CPU.Build.0 = Debug|Any CPU
		{8998A7D1-C436-4C48-835F-A399038BD3EF}.Release|Any CPU.ActiveCfg = Release|Any CPU
		{8998A7D1-C436-4C48-835F-A399038BD3EF}.Release|Any CPU.Build.0 = Release|Any CPU
		{A74D07D9-4E13-46B2-BB5F-7EC77C715ED1}.Debug|Any CPU.ActiveCfg = Debug|Any CPU
		{A74D07D9-4E13-46B2-BB5F-7EC77C715ED1}.Debug|Any CPU.Build.0 = Debug|Any CPU
		{A74D07D9-4E13-46B2-BB5F-7EC77C715ED1}.Release|Any CPU.ActiveCfg = Release|Any CPU
		{A74D07D9-4E13-46B2-BB5F-7EC77C715ED1}.Release|Any CPU.Build.0 = Release|Any CPU
	EndGlobalSection
	GlobalSection(SolutionProperties) = preSolution
		HideSolutionNode = FALSE
	EndGlobalSection
	GlobalSection(ExtensibilityGlobals) = postSolution
		SolutionGuid = {9A289F5B-5C02-44AD-A90B-5107DA7068BC}
	EndGlobalSection
EndGlobal
